
Microsoft Visual Studio Solution File, Format Version 12.00
# Visual Studio Version 17
VisualStudioVersion = 17.5.33103.201
MinimumVisualStudioVersion = 10.0.40219.1
Project("{2150E333-8FDC-42A3-9474-1A3956D46DE8}") = "PL", "PL", "{95AF52CE-4D63-4423-AAA2-FD63DFE16CE3}"
EndProject
Project("{2150E333-8FDC-42A3-9474-1A3956D46DE8}") = "DAL", "DAL", "{46D0132E-D107-4319-B8CC-55EC72CA1EA0}"
EndProject
Project("{2150E333-8FDC-42A3-9474-1A3956D46DE8}") = "Common", "Common", "{8A978F44-1786-4D51-AF02-90A5596A8CE4}"
EndProject
Project("{2150E333-8FDC-42A3-9474-1A3956D46DE8}") = "BLL", "BLL", "{2789E1C8-B573-4629-8B5E-D629E14A7B3F}"
EndProject
Project("{FAE04EC0-301F-11D3-BF4B-00C04F79EFBC}") = "Notes.DAL.Interfaces", "Notes.DAL.Interfaces\Notes.DAL.Interfaces.csproj", "{04C59B24-C29E-4612-9B84-426B55B275C0}"
EndProject
Project("{FAE04EC0-301F-11D3-BF4B-00C04F79EFBC}") = "Notes.DAL.Json", "Notes.DAL.Json\Notes.DAL.Json.csproj", "{7EF2F21C-1196-4CC3-9194-91ED3EDDA5C1}"
EndProject
Project("{FAE04EC0-301F-11D3-BF4B-00C04F79EFBC}") = "Notes.DAL.SQL", "Notes.DAL.SQL\Notes.DAL.SQL.csproj", "{B6ECF008-B02A-48D1-B6E7-5C495EE90457}"
EndProject
Project("{FAE04EC0-301F-11D3-BF4B-00C04F79EFBC}") = "Notes.Dependencies", "Notes.Dependencies\Notes.Dependencies.csproj", "{B87D478F-FF16-420D-A577-758893158F9D}"
EndProject
Project("{FAE04EC0-301F-11D3-BF4B-00C04F79EFBC}") = "Notes.Entities", "Notes.Entities\Notes.Entities.csproj", "{713C6F81-65F8-4FD4-A4E2-6DCDE713B25B}"
EndProject
Project("{FAE04EC0-301F-11D3-BF4B-00C04F79EFBC}") = "Notes.BLL", "Notes.BLL\Notes.BLL.csproj", "{AFD512E4-B1E0-4E1F-BEDD-7D79A5CE1160}"
EndProject
Project("{FAE04EC0-301F-11D3-BF4B-00C04F79EFBC}") = "Notes.BLL.Interfaces", "Notes.BLL.Interfaces\Notes.BLL.Interfaces.csproj", "{C2E44089-BB42-481D-9AAC-84E66A5ADB9E}"
EndProject
Project("{FAE04EC0-301F-11D3-BF4B-00C04F79EFBC}") = "Notes.PL.Console", "Notes.PL.Console\Notes.PL.Console.csproj", "{C37282A9-BE7E-445A-9952-CDBB5AA5C4ED}"
EndProject
Project("{2150E333-8FDC-42A3-9474-1A3956D46DE8}") = "UI", "UI", "{6D56A065-1D2E-4FA6-B914-FF145E2DEEFB}"
EndProject
Project("{FAE04EC0-301F-11D3-BF4B-00C04F79EFBC}") = "Epam.NoteAppUI", "Epam.NoteAppUI\Epam.NoteAppUI.csproj", "{096CEF73-3257-4FAD-9019-C5F325FAB36C}"
EndProject
Project("{2150E333-8FDC-42A3-9474-1A3956D46DE8}") = "Auth", "Auth", "{2095ADA9-05EA-4870-83FE-E752DB97F58E}"
EndProject
Project("{FAE04EC0-301F-11D3-BF4B-00C04F79EFBC}") = "Epam.Auth", "Epam.Auth\Epam.Auth.csproj", "{5A031AD6-55D2-45E0-8303-49E5FEEEE501}"
EndProject
Global
	GlobalSection(SolutionConfigurationPlatforms) = preSolution
		Debug|Any CPU = Debug|Any CPU
		Release|Any CPU = Release|Any CPU
	EndGlobalSection
	GlobalSection(ProjectConfigurationPlatforms) = postSolution
		{04C59B24-C29E-4612-9B84-426B55B275C0}.Debug|Any CPU.ActiveCfg = Debug|Any CPU
		{04C59B24-C29E-4612-9B84-426B55B275C0}.Debug|Any CPU.Build.0 = Debug|Any CPU
		{04C59B24-C29E-4612-9B84-426B55B275C0}.Release|Any CPU.ActiveCfg = Release|Any CPU
		{04C59B24-C29E-4612-9B84-426B55B275C0}.Release|Any CPU.Build.0 = Release|Any CPU
		{7EF2F21C-1196-4CC3-9194-91ED3EDDA5C1}.Debug|Any CPU.ActiveCfg = Debug|Any CPU
		{7EF2F21C-1196-4CC3-9194-91ED3EDDA5C1}.Debug|Any CPU.Build.0 = Debug|Any CPU
		{7EF2F21C-1196-4CC3-9194-91ED3EDDA5C1}.Release|Any CPU.ActiveCfg = Release|Any CPU
		{7EF2F21C-1196-4CC3-9194-91ED3EDDA5C1}.Release|Any CPU.Build.0 = Release|Any CPU
		{B6ECF008-B02A-48D1-B6E7-5C495EE90457}.Debug|Any CPU.ActiveCfg = Debug|Any CPU
		{B6ECF008-B02A-48D1-B6E7-5C495EE90457}.Debug|Any CPU.Build.0 = Debug|Any CPU
		{B6ECF008-B02A-48D1-B6E7-5C495EE90457}.Release|Any CPU.ActiveCfg = Release|Any CPU
		{B6ECF008-B02A-48D1-B6E7-5C495EE90457}.Release|Any CPU.Build.0 = Release|Any CPU
		{B87D478F-FF16-420D-A577-758893158F9D}.Debug|Any CPU.ActiveCfg = Debug|Any CPU
		{B87D478F-FF16-420D-A577-758893158F9D}.Debug|Any CPU.Build.0 = Debug|Any CPU
		{B87D478F-FF16-420D-A577-758893158F9D}.Release|Any CPU.ActiveCfg = Release|Any CPU
		{B87D478F-FF16-420D-A577-758893158F9D}.Release|Any CPU.Build.0 = Release|Any CPU
		{713C6F81-65F8-4FD4-A4E2-6DCDE713B25B}.Debug|Any CPU.ActiveCfg = Debug|Any CPU
		{713C6F81-65F8-4FD4-A4E2-6DCDE713B25B}.Debug|Any CPU.Build.0 = Debug|Any CPU
		{713C6F81-65F8-4FD4-A4E2-6DCDE713B25B}.Release|Any CPU.ActiveCfg = Release|Any CPU
		{713C6F81-65F8-4FD4-A4E2-6DCDE713B25B}.Release|Any CPU.Build.0 = Release|Any CPU
		{AFD512E4-B1E0-4E1F-BEDD-7D79A5CE1160}.Debug|Any CPU.ActiveCfg = Debug|Any CPU
		{AFD512E4-B1E0-4E1F-BEDD-7D79A5CE1160}.Debug|Any CPU.Build.0 = Debug|Any CPU
		{AFD512E4-B1E0-4E1F-BEDD-7D79A5CE1160}.Release|Any CPU.ActiveCfg = Release|Any CPU
		{AFD512E4-B1E0-4E1F-BEDD-7D79A5CE1160}.Release|Any CPU.Build.0 = Release|Any CPU
		{C2E44089-BB42-481D-9AAC-84E66A5ADB9E}.Debug|Any CPU.ActiveCfg = Debug|Any CPU
		{C2E44089-BB42-481D-9AAC-84E66A5ADB9E}.Debug|Any CPU.Build.0 = Debug|Any CPU
		{C2E44089-BB42-481D-9AAC-84E66A5ADB9E}.Release|Any CPU.ActiveCfg = Release|Any CPU
		{C2E44089-BB42-481D-9AAC-84E66A5ADB9E}.Release|Any CPU.Build.0 = Release|Any CPU
		{C37282A9-BE7E-445A-9952-CDBB5AA5C4ED}.Debug|Any CPU.ActiveCfg = Debug|Any CPU
		{C37282A9-BE7E-445A-9952-CDBB5AA5C4ED}.Debug|Any CPU.Build.0 = Debug|Any CPU
		{C37282A9-BE7E-445A-9952-CDBB5AA5C4ED}.Release|Any CPU.ActiveCfg = Release|Any CPU
		{C37282A9-BE7E-445A-9952-CDBB5AA5C4ED}.Release|Any CPU.Build.0 = Release|Any CPU
		{096CEF73-3257-4FAD-9019-C5F325FAB36C}.Debug|Any CPU.ActiveCfg = Debug|Any CPU
		{096CEF73-3257-4FAD-9019-C5F325FAB36C}.Debug|Any CPU.Build.0 = Debug|Any CPU
		{096CEF73-3257-4FAD-9019-C5F325FAB36C}.Release|Any CPU.ActiveCfg = Release|Any CPU
		{096CEF73-3257-4FAD-9019-C5F325FAB36C}.Release|Any CPU.Build.0 = Release|Any CPU
		{5A031AD6-55D2-45E0-8303-49E5FEEEE501}.Debug|Any CPU.ActiveCfg = Debug|Any CPU
		{5A031AD6-55D2-45E0-8303-49E5FEEEE501}.Debug|Any CPU.Build.0 = Debug|Any CPU
		{5A031AD6-55D2-45E0-8303-49E5FEEEE501}.Release|Any CPU.ActiveCfg = Release|Any CPU
		{5A031AD6-55D2-45E0-8303-49E5FEEEE501}.Release|Any CPU.Build.0 = Release|Any CPU
	EndGlobalSection
	GlobalSection(SolutionProperties) = preSolution
		HideSolutionNode = FALSE
	EndGlobalSection
	GlobalSection(NestedProjects) = preSolution
		{04C59B24-C29E-4612-9B84-426B55B275C0} = {46D0132E-D107-4319-B8CC-55EC72CA1EA0}
		{7EF2F21C-1196-4CC3-9194-91ED3EDDA5C1} = {46D0132E-D107-4319-B8CC-55EC72CA1EA0}
		{B6ECF008-B02A-48D1-B6E7-5C495EE90457} = {46D0132E-D107-4319-B8CC-55EC72CA1EA0}
		{B87D478F-FF16-420D-A577-758893158F9D} = {8A978F44-1786-4D51-AF02-90A5596A8CE4}
		{713C6F81-65F8-4FD4-A4E2-6DCDE713B25B} = {8A978F44-1786-4D51-AF02-90A5596A8CE4}
		{AFD512E4-B1E0-4E1F-BEDD-7D79A5CE1160} = {2789E1C8-B573-4629-8B5E-D629E14A7B3F}
		{C2E44089-BB42-481D-9AAC-84E66A5ADB9E} = {2789E1C8-B573-4629-8B5E-D629E14A7B3F}
		{C37282A9-BE7E-445A-9952-CDBB5AA5C4ED} = {95AF52CE-4D63-4423-AAA2-FD63DFE16CE3}
		{096CEF73-3257-4FAD-9019-C5F325FAB36C} = {6D56A065-1D2E-4FA6-B914-FF145E2DEEFB}
		{5A031AD6-55D2-45E0-8303-49E5FEEEE501} = {2095ADA9-05EA-4870-83FE-E752DB97F58E}
	EndGlobalSection
	GlobalSection(ExtensibilityGlobals) = postSolution
		SolutionGuid = {0DD42E0C-DEA6-4F52-B512-0F3AD25623E8}
	EndGlobalSection
EndGlobal
